
Microsoft Visual Studio Solution File, Format Version 12.00
# Visual Studio Version 17
VisualStudioVersion = 17.11.35327.3
MinimumVisualStudioVersion = 10.0.40219.1
Project("{2150E333-8FDC-42A3-9474-1A3956D46DE8}") = "Task0", "Task0", "{FFC87142-EF32-4153-B334-24D58A553233}"
EndProject
Project("{9A19103F-16F7-4668-BE54-9A1E7A4F7556}") = "Tyuiu.PlatonovaPE.Sprint4.Task0.V21", "Tyuiu.PlatonovaPE.Sprint4.Task0.V21\Tyuiu.PlatonovaPE.Sprint4.Task0.V21.csproj", "{72DA4C1A-2552-44B3-8A01-6B065040AE87}"
EndProject
Project("{9A19103F-16F7-4668-BE54-9A1E7A4F7556}") = "Tyuiu.PlatonovaPE.Sprint4.Task0.V21.Test", "Tyuiu.PlatonovaPE.Sprint4.Task0.V21.Test\Tyuiu.PlatonovaPE.Sprint4.Task0.V21.Test.csproj", "{EE695A22-C16A-4AEA-BCC4-E04D628EFA7B}"
EndProject
Project("{9A19103F-16F7-4668-BE54-9A1E7A4F7556}") = "Tyuiu.PlatonovaPE.Sprint4.Task0.V21.Lib", "Tyuiu.PlatonovaPE.Sprint4.Task0.V21.Lib\Tyuiu.PlatonovaPE.Sprint4.Task0.V21.Lib.csproj", "{CD127883-FD55-4738-AA29-8304D27AE279}"
EndProject
Project("{2150E333-8FDC-42A3-9474-1A3956D46DE8}") = "Task1", "Task1", "{F50F0270-A9C8-493E-A986-5A97125BFE3E}"
EndProject
Project("{9A19103F-16F7-4668-BE54-9A1E7A4F7556}") = "Tyuiu.PlatonovaPE.Sprint4.Task1.V7", "Tyuiu.PlatonovaPE.Sprint4.Task1.V7\Tyuiu.PlatonovaPE.Sprint4.Task1.V7.csproj", "{A41DD3FA-90ED-4FBF-BEE6-53BFDCD6B724}"
EndProject
Project("{9A19103F-16F7-4668-BE54-9A1E7A4F7556}") = "Tyuiu.PlatonovaPE.Sprint4.Task1.V7.Lib", "Tyuiu.PlatonovaPE.Sprint4.Task1.V7.Lib\Tyuiu.PlatonovaPE.Sprint4.Task1.V7.Lib.csproj", "{4C3B93B5-4E08-4315-9ABF-BEBC502BC44A}"
EndProject
Project("{9A19103F-16F7-4668-BE54-9A1E7A4F7556}") = "Tyuiu.PlatonovaPE.Sprint4.Task1.V7.Test", "Tyuiu.PlatonovaPE.Sprint4.Task1.V7.Test\Tyuiu.PlatonovaPE.Sprint4.Task1.V7.Test.csproj", "{C9DD1DB6-0585-461D-ACC5-43F746B6BEB6}"
EndProject
Project("{2150E333-8FDC-42A3-9474-1A3956D46DE8}") = "Task2", "Task2", "{A2929CA5-E5AB-4EE3-9F6F-478E488A7D81}"
EndProject
Project("{9A19103F-16F7-4668-BE54-9A1E7A4F7556}") = "Tyuiu.PlatonovaPE.Sprint4.Task2.V1", "Tyuiu.PlatonovaPE.Sprint4.Task2.V1\Tyuiu.PlatonovaPE.Sprint4.Task2.V1.csproj", "{401F58B7-BD48-41BF-A45E-181360C715E0}"
EndProject
Project("{9A19103F-16F7-4668-BE54-9A1E7A4F7556}") = "Tyuiu.PlatonovaPE.Sprint4.Task2.V1.Test", "Tyuiu.PlatonovaPE.Sprint4.Task2.V1.Test\Tyuiu.PlatonovaPE.Sprint4.Task2.V1.Test.csproj", "{0C64742D-8D92-4F54-AEC6-0B59055AE046}"
EndProject
Project("{9A19103F-16F7-4668-BE54-9A1E7A4F7556}") = "Tyuiu.PlatonovaPE.Sprint4.Task2.V1.Lib", "Tyuiu.PlatonovaPE.Sprint4.Task2.V1.Lib\Tyuiu.PlatonovaPE.Sprint4.Task2.V1.Lib.csproj", "{90E53F3C-9A8C-445F-BF0F-FC4984BFEC15}"
EndProject
Project("{2150E333-8FDC-42A3-9474-1A3956D46DE8}") = "Task3", "Task3", "{BA55B948-BB9B-42E9-9AB0-2AB3CA3B4AFB}"
EndProject
Project("{9A19103F-16F7-4668-BE54-9A1E7A4F7556}") = "Tyuiu.PlatonovaPE.Sprint4.Task3.V29", "Tyuiu.PlatonovaPE.Sprint4.Task3.V29\Tyuiu.PlatonovaPE.Sprint4.Task3.V29.csproj", "{AC370D91-5E35-4A76-A795-70BEF099CD3F}"
EndProject
Project("{9A19103F-16F7-4668-BE54-9A1E7A4F7556}") = "Tyuiu.PlatonovaPE.Sprint4.Task3.V29.Lib", "Tyuiu.PlatonovaPE.Sprint4.Task3.V29.Lib\Tyuiu.PlatonovaPE.Sprint4.Task3.V29.Lib.csproj", "{EB2E8F4D-27B4-4CFA-A099-016293A6458C}"
EndProject
Project("{9A19103F-16F7-4668-BE54-9A1E7A4F7556}") = "Tyuiu.PlatonovaPE.Sprint4.Task3.V29.Test", "Tyuiu.PlatonovaPE.Sprint4.Task3.V29.Test\Tyuiu.PlatonovaPE.Sprint4.Task3.V29.Test.csproj", "{27ACC8C3-A701-464F-932D-5BA5571E8845}"
EndProject
Project("{2150E333-8FDC-42A3-9474-1A3956D46DE8}") = "Task4", "Task4", "{6D7F3850-3C21-49A4-81AB-B1748DFFE4BF}"
EndProject
Project("{FAE04EC0-301F-11D3-BF4B-00C04F79EFBC}") = "Tyuiu.PlatonovaPE.Sprint4.Task4.V10.Test", "Tyuiu.PlatonovaPE.Sprint4.Task4.V10.Test\Tyuiu.PlatonovaPE.Sprint4.Task4.V10.Test.csproj", "{BF5726B8-DBFE-47F2-AAF3-F1013BD905E9}"
EndProject
Project("{FAE04EC0-301F-11D3-BF4B-00C04F79EFBC}") = "Tyuiu.PlatonovaPE.Sprint4.Task4.V10.Lib", "Tyuiu.PlatonovaPE.Sprint4.Task4.V10.Lib\Tyuiu.PlatonovaPE.Sprint4.Task4.V10.Lib.csproj", "{5AB75806-98AC-454A-B6FF-3F983EFDC513}"
EndProject
Project("{FAE04EC0-301F-11D3-BF4B-00C04F79EFBC}") = "Tyuiu.PlatonovaPE.Sprint4.Task4.V10", "Tyuiu.PlatonovaPE.Sprint4.Task4.V10\Tyuiu.PlatonovaPE.Sprint4.Task4.V10.csproj", "{A7597C99-57C9-4841-BD61-DD64B2345E94}"
EndProject
Global
	GlobalSection(SolutionConfigurationPlatforms) = preSolution
		Debug|Any CPU = Debug|Any CPU
		Release|Any CPU = Release|Any CPU
	EndGlobalSection
	GlobalSection(ProjectConfigurationPlatforms) = postSolution
		{72DA4C1A-2552-44B3-8A01-6B065040AE87}.Debug|Any CPU.ActiveCfg = Debug|Any CPU
		{72DA4C1A-2552-44B3-8A01-6B065040AE87}.Debug|Any CPU.Build.0 = Debug|Any CPU
		{72DA4C1A-2552-44B3-8A01-6B065040AE87}.Release|Any CPU.ActiveCfg = Release|Any CPU
		{72DA4C1A-2552-44B3-8A01-6B065040AE87}.Release|Any CPU.Build.0 = Release|Any CPU
		{EE695A22-C16A-4AEA-BCC4-E04D628EFA7B}.Debug|Any CPU.ActiveCfg = Debug|Any CPU
		{EE695A22-C16A-4AEA-BCC4-E04D628EFA7B}.Debug|Any CPU.Build.0 = Debug|Any CPU
		{EE695A22-C16A-4AEA-BCC4-E04D628EFA7B}.Release|Any CPU.ActiveCfg = Release|Any CPU
		{EE695A22-C16A-4AEA-BCC4-E04D628EFA7B}.Release|Any CPU.Build.0 = Release|Any CPU
		{CD127883-FD55-4738-AA29-8304D27AE279}.Debug|Any CPU.ActiveCfg = Debug|Any CPU
		{CD127883-FD55-4738-AA29-8304D27AE279}.Debug|Any CPU.Build.0 = Debug|Any CPU
		{CD127883-FD55-4738-AA29-8304D27AE279}.Release|Any CPU.ActiveCfg = Release|Any CPU
		{CD127883-FD55-4738-AA29-8304D27AE279}.Release|Any CPU.Build.0 = Release|Any CPU
		{A41DD3FA-90ED-4FBF-BEE6-53BFDCD6B724}.Debug|Any CPU.ActiveCfg = Debug|Any CPU
		{A41DD3FA-90ED-4FBF-BEE6-53BFDCD6B724}.Debug|Any CPU.Build.0 = Debug|Any CPU
		{A41DD3FA-90ED-4FBF-BEE6-53BFDCD6B724}.Release|Any CPU.ActiveCfg = Release|Any CPU
		{A41DD3FA-90ED-4FBF-BEE6-53BFDCD6B724}.Release|Any CPU.Build.0 = Release|Any CPU
		{4C3B93B5-4E08-4315-9ABF-BEBC502BC44A}.Debug|Any CPU.ActiveCfg = Debug|Any CPU
		{4C3B93B5-4E08-4315-9ABF-BEBC502BC44A}.Debug|Any CPU.Build.0 = Debug|Any CPU
		{4C3B93B5-4E08-4315-9ABF-BEBC502BC44A}.Release|Any CPU.ActiveCfg = Release|Any CPU
		{4C3B93B5-4E08-4315-9ABF-BEBC502BC44A}.Release|Any CPU.Build.0 = Release|Any CPU
		{C9DD1DB6-0585-461D-ACC5-43F746B6BEB6}.Debug|Any CPU.ActiveCfg = Debug|Any CPU
		{C9DD1DB6-0585-461D-ACC5-43F746B6BEB6}.Debug|Any CPU.Build.0 = Debug|Any CPU
		{C9DD1DB6-0585-461D-ACC5-43F746B6BEB6}.Release|Any CPU.ActiveCfg = Release|Any CPU
		{C9DD1DB6-0585-461D-ACC5-43F746B6BEB6}.Release|Any CPU.Build.0 = Release|Any CPU
		{401F58B7-BD48-41BF-A45E-181360C715E0}.Debug|Any CPU.ActiveCfg = Debug|Any CPU
		{401F58B7-BD48-41BF-A45E-181360C715E0}.Debug|Any CPU.Build.0 = Debug|Any CPU
		{401F58B7-BD48-41BF-A45E-181360C715E0}.Release|Any CPU.ActiveCfg = Release|Any CPU
		{401F58B7-BD48-41BF-A45E-181360C715E0}.Release|Any CPU.Build.0 = Release|Any CPU
		{0C64742D-8D92-4F54-AEC6-0B59055AE046}.Debug|Any CPU.ActiveCfg = Debug|Any CPU
		{0C64742D-8D92-4F54-AEC6-0B59055AE046}.Debug|Any CPU.Build.0 = Debug|Any CPU
		{0C64742D-8D92-4F54-AEC6-0B59055AE046}.Release|Any CPU.ActiveCfg = Release|Any CPU
		{0C64742D-8D92-4F54-AEC6-0B59055AE046}.Release|Any CPU.Build.0 = Release|Any CPU
		{90E53F3C-9A8C-445F-BF0F-FC4984BFEC15}.Debug|Any CPU.ActiveCfg = Debug|Any CPU
		{90E53F3C-9A8C-445F-BF0F-FC4984BFEC15}.Debug|Any CPU.Build.0 = Debug|Any CPU
		{90E53F3C-9A8C-445F-BF0F-FC4984BFEC15}.Release|Any CPU.ActiveCfg = Release|Any CPU
		{90E53F3C-9A8C-445F-BF0F-FC4984BFEC15}.Release|Any CPU.Build.0 = Release|Any CPU
		{AC370D91-5E35-4A76-A795-70BEF099CD3F}.Debug|Any CPU.ActiveCfg = Debug|Any CPU
		{AC370D91-5E35-4A76-A795-70BEF099CD3F}.Debug|Any CPU.Build.0 = Debug|Any CPU
		{AC370D91-5E35-4A76-A795-70BEF099CD3F}.Release|Any CPU.ActiveCfg = Release|Any CPU
		{AC370D91-5E35-4A76-A795-70BEF099CD3F}.Release|Any CPU.Build.0 = Release|Any CPU
		{EB2E8F4D-27B4-4CFA-A099-016293A6458C}.Debug|Any CPU.ActiveCfg = Debug|Any CPU
		{EB2E8F4D-27B4-4CFA-A099-016293A6458C}.Debug|Any CPU.Build.0 = Debug|Any CPU
		{EB2E8F4D-27B4-4CFA-A099-016293A6458C}.Release|Any CPU.ActiveCfg = Release|Any CPU
		{EB2E8F4D-27B4-4CFA-A099-016293A6458C}.Release|Any CPU.Build.0 = Release|Any CPU
		{27ACC8C3-A701-464F-932D-5BA5571E8845}.Debug|Any CPU.ActiveCfg = Debug|Any CPU
		{27ACC8C3-A701-464F-932D-5BA5571E8845}.Debug|Any CPU.Build.0 = Debug|Any CPU
		{27ACC8C3-A701-464F-932D-5BA5571E8845}.Release|Any CPU.ActiveCfg = Release|Any CPU
		{27ACC8C3-A701-464F-932D-5BA5571E8845}.Release|Any CPU.Build.0 = Release|Any CPU
		{BF5726B8-DBFE-47F2-AAF3-F1013BD905E9}.Debug|Any CPU.ActiveCfg = Debug|Any CPU
		{BF5726B8-DBFE-47F2-AAF3-F1013BD905E9}.Debug|Any CPU.Build.0 = Debug|Any CPU
		{BF5726B8-DBFE-47F2-AAF3-F1013BD905E9}.Release|Any CPU.ActiveCfg = Release|Any CPU
		{BF5726B8-DBFE-47F2-AAF3-F1013BD905E9}.Release|Any CPU.Build.0 = Release|Any CPU
		{5AB75806-98AC-454A-B6FF-3F983EFDC513}.Debug|Any CPU.ActiveCfg = Debug|Any CPU
		{5AB75806-98AC-454A-B6FF-3F983EFDC513}.Debug|Any CPU.Build.0 = Debug|Any CPU
		{5AB75806-98AC-454A-B6FF-3F983EFDC513}.Release|Any CPU.ActiveCfg = Release|Any CPU
		{5AB75806-98AC-454A-B6FF-3F983EFDC513}.Release|Any CPU.Build.0 = Release|Any CPU
		{A7597C99-57C9-4841-BD61-DD64B2345E94}.Debug|Any CPU.ActiveCfg = Debug|Any CPU
		{A7597C99-57C9-4841-BD61-DD64B2345E94}.Debug|Any CPU.Build.0 = Debug|Any CPU
		{A7597C99-57C9-4841-BD61-DD64B2345E94}.Release|Any CPU.ActiveCfg = Release|Any CPU
		{A7597C99-57C9-4841-BD61-DD64B2345E94}.Release|Any CPU.Build.0 = Release|Any CPU
	EndGlobalSection
	GlobalSection(SolutionProperties) = preSolution
		HideSolutionNode = FALSE
	EndGlobalSection
	GlobalSection(NestedProjects) = preSolution
		{72DA4C1A-2552-44B3-8A01-6B065040AE87} = {FFC87142-EF32-4153-B334-24D58A553233}
		{EE695A22-C16A-4AEA-BCC4-E04D628EFA7B} = {FFC87142-EF32-4153-B334-24D58A553233}
		{CD127883-FD55-4738-AA29-8304D27AE279} = {FFC87142-EF32-4153-B334-24D58A553233}
		{A41DD3FA-90ED-4FBF-BEE6-53BFDCD6B724} = {F50F0270-A9C8-493E-A986-5A97125BFE3E}
		{4C3B93B5-4E08-4315-9ABF-BEBC502BC44A} = {F50F0270-A9C8-493E-A986-5A97125BFE3E}
		{C9DD1DB6-0585-461D-ACC5-43F746B6BEB6} = {F50F0270-A9C8-493E-A986-5A97125BFE3E}
		{401F58B7-BD48-41BF-A45E-181360C715E0} = {A2929CA5-E5AB-4EE3-9F6F-478E488A7D81}
		{0C64742D-8D92-4F54-AEC6-0B59055AE046} = {A2929CA5-E5AB-4EE3-9F6F-478E488A7D81}
		{90E53F3C-9A8C-445F-BF0F-FC4984BFEC15} = {A2929CA5-E5AB-4EE3-9F6F-478E488A7D81}
		{AC370D91-5E35-4A76-A795-70BEF099CD3F} = {BA55B948-BB9B-42E9-9AB0-2AB3CA3B4AFB}
		{EB2E8F4D-27B4-4CFA-A099-016293A6458C} = {BA55B948-BB9B-42E9-9AB0-2AB3CA3B4AFB}
		{27ACC8C3-A701-464F-932D-5BA5571E8845} = {BA55B948-BB9B-42E9-9AB0-2AB3CA3B4AFB}
		{BF5726B8-DBFE-47F2-AAF3-F1013BD905E9} = {6D7F3850-3C21-49A4-81AB-B1748DFFE4BF}
		{5AB75806-98AC-454A-B6FF-3F983EFDC513} = {6D7F3850-3C21-49A4-81AB-B1748DFFE4BF}
		{A7597C99-57C9-4841-BD61-DD64B2345E94} = {6D7F3850-3C21-49A4-81AB-B1748DFFE4BF}
	EndGlobalSection
	GlobalSection(ExtensibilityGlobals) = postSolution
		SolutionGuid = {F627AC8E-1F4C-435D-AE68-615751C46D82}
	EndGlobalSection
EndGlobal
